
Microsoft Visual Studio Solution File, Format Version 12.00
# Visual Studio 15
VisualStudioVersion = 15.0.26430.6
MinimumVisualStudioVersion = 10.0.40219.1
Project("{FAE04EC0-301F-11D3-BF4B-00C04F79EFBC}") = "01.Match Full Name", "01.Match Full Name\01.Match Full Name.csproj", "{96120879-332E-471D-ADF6-112E349FA69C}"
EndProject
Project("{FAE04EC0-301F-11D3-BF4B-00C04F79EFBC}") = "02. Match Phone Number", "02. Match Phone Number\02. Match Phone Number.csproj", "{9B8F7867-2ED9-4EB6-BF9E-41182AC90FC1}"
EndProject
Project("{FAE04EC0-301F-11D3-BF4B-00C04F79EFBC}") = "03.Series Of Letters", "03.Series Of Letters\03.Series Of Letters.csproj", "{AA7A21D8-39CD-4DF7-9EC5-38AC2A62F456}"
EndProject
Project("{FAE04EC0-301F-11D3-BF4B-00C04F79EFBC}") = "04.Replace a tag", "04.Replace a tag\04.Replace a tag.csproj", "{92F6A617-C3C3-4A18-8489-C02701B9B914}"
EndProject
Project("{FAE04EC0-301F-11D3-BF4B-00C04F79EFBC}") = "05.Extract Email", "05.Extract Email\05.Extract Email.csproj", "{4D356AFE-8C20-47BE-B64E-4C177AF4BA73}"
EndProject
Global
	GlobalSection(SolutionConfigurationPlatforms) = preSolution
		Debug|Any CPU = Debug|Any CPU
		Release|Any CPU = Release|Any CPU
	EndGlobalSection
	GlobalSection(ProjectConfigurationPlatforms) = postSolution
		{96120879-332E-471D-ADF6-112E349FA69C}.Debug|Any CPU.ActiveCfg = Debug|Any CPU
		{96120879-332E-471D-ADF6-112E349FA69C}.Debug|Any CPU.Build.0 = Debug|Any CPU
		{96120879-332E-471D-ADF6-112E349FA69C}.Release|Any CPU.ActiveCfg = Release|Any CPU
		{96120879-332E-471D-ADF6-112E349FA69C}.Release|Any CPU.Build.0 = Release|Any CPU
		{9B8F7867-2ED9-4EB6-BF9E-41182AC90FC1}.Debug|Any CPU.ActiveCfg = Debug|Any CPU
		{9B8F7867-2ED9-4EB6-BF9E-41182AC90FC1}.Debug|Any CPU.Build.0 = Debug|Any CPU
		{9B8F7867-2ED9-4EB6-BF9E-41182AC90FC1}.Release|Any CPU.ActiveCfg = Release|Any CPU
		{9B8F7867-2ED9-4EB6-BF9E-41182AC90FC1}.Release|Any CPU.Build.0 = Release|Any CPU
		{AA7A21D8-39CD-4DF7-9EC5-38AC2A62F456}.Debug|Any CPU.ActiveCfg = Debug|Any CPU
		{AA7A21D8-39CD-4DF7-9EC5-38AC2A62F456}.Debug|Any CPU.Build.0 = Debug|Any CPU
		{AA7A21D8-39CD-4DF7-9EC5-38AC2A62F456}.Release|Any CPU.ActiveCfg = Release|Any CPU
		{AA7A21D8-39CD-4DF7-9EC5-38AC2A62F456}.Release|Any CPU.Build.0 = Release|Any CPU
		{92F6A617-C3C3-4A18-8489-C02701B9B914}.Debug|Any CPU.ActiveCfg = Debug|Any CPU
		{92F6A617-C3C3-4A18-8489-C02701B9B914}.Debug|Any CPU.Build.0 = Debug|Any CPU
		{92F6A617-C3C3-4A18-8489-C02701B9B914}.Release|Any CPU.ActiveCfg = Release|Any CPU
		{92F6A617-C3C3-4A18-8489-C02701B9B914}.Release|Any CPU.Build.0 = Release|Any CPU
		{4D356AFE-8C20-47BE-B64E-4C177AF4BA73}.Debug|Any CPU.ActiveCfg = Debug|Any CPU
		{4D356AFE-8C20-47BE-B64E-4C177AF4BA73}.Debug|Any CPU.Build.0 = Debug|Any CPU
		{4D356AFE-8C20-47BE-B64E-4C177AF4BA73}.Release|Any CPU.ActiveCfg = Release|Any CPU
		{4D356AFE-8C20-47BE-B64E-4C177AF4BA73}.Release|Any CPU.Build.0 = Release|Any CPU
	EndGlobalSection
	GlobalSection(SolutionProperties) = preSolution
		HideSolutionNode = FALSE
	EndGlobalSection
EndGlobal
