
Microsoft Visual Studio Solution File, Format Version 12.00
# Visual Studio 15
VisualStudioVersion = 15.0.26430.6
MinimumVisualStudioVersion = 10.0.40219.1
Project("{FAE04EC0-301F-11D3-BF4B-00C04F79EFBC}") = "01.Odd-Lines", "01 Odd-Lines\01.Odd-Lines.csproj", "{56DF0F2A-B980-4AE8-83FA-7D19A94A917D}"
EndProject
Project("{FAE04EC0-301F-11D3-BF4B-00C04F79EFBC}") = "02.Line-Numbers", "02.Line-Numbers\02.Line-Numbers.csproj", "{3F8DE32E-6909-4E5D-8978-3298351C46FF}"
EndProject
Project("{FAE04EC0-301F-11D3-BF4B-00C04F79EFBC}") = "03.Word-Count", "03.Word-Count\03.Word-Count.csproj", "{B453BEBF-95F5-4BDD-A57C-97285B521CA9}"
EndProject
Project("{FAE04EC0-301F-11D3-BF4B-00C04F79EFBC}") = "04.Copy-Binary-File", "04.Copy-Binary-File\04.Copy-Binary-File.csproj", "{94638D44-EB54-49D9-80FC-557FE94ED5F8}"
EndProject
Project("{FAE04EC0-301F-11D3-BF4B-00C04F79EFBC}") = "05.SlicingFile", "05.SlicingFile\05.SlicingFile.csproj", "{A421330F-59B4-4016-BFC3-7162B6EFC159}"
EndProject
Project("{FAE04EC0-301F-11D3-BF4B-00C04F79EFBC}") = "06.Zipping-Sliced-Files", "06.Zipping-Sliced-Files\06.Zipping-Sliced-Files.csproj", "{FEBBD137-4341-499C-B487-0D89E21E59E7}"
EndProject
Global
	GlobalSection(SolutionConfigurationPlatforms) = preSolution
		Debug|Any CPU = Debug|Any CPU
		Release|Any CPU = Release|Any CPU
	EndGlobalSection
	GlobalSection(ProjectConfigurationPlatforms) = postSolution
		{56DF0F2A-B980-4AE8-83FA-7D19A94A917D}.Debug|Any CPU.ActiveCfg = Debug|Any CPU
		{56DF0F2A-B980-4AE8-83FA-7D19A94A917D}.Debug|Any CPU.Build.0 = Debug|Any CPU
		{56DF0F2A-B980-4AE8-83FA-7D19A94A917D}.Release|Any CPU.ActiveCfg = Release|Any CPU
		{56DF0F2A-B980-4AE8-83FA-7D19A94A917D}.Release|Any CPU.Build.0 = Release|Any CPU
		{3F8DE32E-6909-4E5D-8978-3298351C46FF}.Debug|Any CPU.ActiveCfg = Debug|Any CPU
		{3F8DE32E-6909-4E5D-8978-3298351C46FF}.Debug|Any CPU.Build.0 = Debug|Any CPU
		{3F8DE32E-6909-4E5D-8978-3298351C46FF}.Release|Any CPU.ActiveCfg = Release|Any CPU
		{3F8DE32E-6909-4E5D-8978-3298351C46FF}.Release|Any CPU.Build.0 = Release|Any CPU
		{B453BEBF-95F5-4BDD-A57C-97285B521CA9}.Debug|Any CPU.ActiveCfg = Debug|Any CPU
		{B453BEBF-95F5-4BDD-A57C-97285B521CA9}.Debug|Any CPU.Build.0 = Debug|Any CPU
		{B453BEBF-95F5-4BDD-A57C-97285B521CA9}.Release|Any CPU.ActiveCfg = Release|Any CPU
		{B453BEBF-95F5-4BDD-A57C-97285B521CA9}.Release|Any CPU.Build.0 = Release|Any CPU
		{94638D44-EB54-49D9-80FC-557FE94ED5F8}.Debug|Any CPU.ActiveCfg = Debug|Any CPU
		{94638D44-EB54-49D9-80FC-557FE94ED5F8}.Debug|Any CPU.Build.0 = Debug|Any CPU
		{94638D44-EB54-49D9-80FC-557FE94ED5F8}.Release|Any CPU.ActiveCfg = Release|Any CPU
		{94638D44-EB54-49D9-80FC-557FE94ED5F8}.Release|Any CPU.Build.0 = Release|Any CPU
		{A421330F-59B4-4016-BFC3-7162B6EFC159}.Debug|Any CPU.ActiveCfg = Debug|Any CPU
		{A421330F-59B4-4016-BFC3-7162B6EFC159}.Debug|Any CPU.Build.0 = Debug|Any CPU
		{A421330F-59B4-4016-BFC3-7162B6EFC159}.Release|Any CPU.ActiveCfg = Release|Any CPU
		{A421330F-59B4-4016-BFC3-7162B6EFC159}.Release|Any CPU.Build.0 = Release|Any CPU
		{FEBBD137-4341-499C-B487-0D89E21E59E7}.Debug|Any CPU.ActiveCfg = Debug|Any CPU
		{FEBBD137-4341-499C-B487-0D89E21E59E7}.Debug|Any CPU.Build.0 = Debug|Any CPU
		{FEBBD137-4341-499C-B487-0D89E21E59E7}.Release|Any CPU.ActiveCfg = Release|Any CPU
		{FEBBD137-4341-499C-B487-0D89E21E59E7}.Release|Any CPU.Build.0 = Release|Any CPU
	EndGlobalSection
	GlobalSection(SolutionProperties) = preSolution
		HideSolutionNode = FALSE
	EndGlobalSection
EndGlobal
